
Microsoft Visual Studio Solution File, Format Version 12.00
# Visual Studio 2013
VisualStudioVersion = 12.0.21005.1
MinimumVisualStudioVersion = 10.0.40219.1
Project("{2150E333-8FDC-42A3-9474-1A3956D46DE8}") = "Bibliotecas", "Bibliotecas", "{88DFF16B-F4DA-4395-B84A-F63C10DC68AD}"
EndProject
Project("{2150E333-8FDC-42A3-9474-1A3956D46DE8}") = "Interface", "Interface", "{82D79847-BB07-4318-B50B-20C13F1A9558}"
EndProject
Project("{2150E333-8FDC-42A3-9474-1A3956D46DE8}") = "Dominios", "Dominios", "{CDDA2E19-6386-4EA1-BD9A-B377AF42E830}"
EndProject
Project("{2150E333-8FDC-42A3-9474-1A3956D46DE8}") = "InfraEstrutura", "InfraEstrutura", "{8C23C722-4414-498F-A703-928A88465F24}"
EndProject
Project("{2150E333-8FDC-42A3-9474-1A3956D46DE8}") = "RestAPI", "RestAPI", "{A75B7FC2-7175-4F70-B94D-A00C62CBE4BD}"
EndProject
Project("{FAE04EC0-301F-11D3-BF4B-00C04F79EFBC}") = "SQ.Dominio", "SQ.Dominio\SQ.Dominio.csproj", "{5797C018-97D5-4F06-AE16-DD6A21AE0D31}"
EndProject
Project("{2150E333-8FDC-42A3-9474-1A3956D46DE8}") = "Repositorio", "Repositorio", "{C40E35A6-0484-4BA9-A537-47A418A2D1F2}"
EndProject
Project("{2150E333-8FDC-42A3-9474-1A3956D46DE8}") = "Framework", "Framework", "{215C619F-8EE9-4DB4-BC31-46BC3C989A61}"
EndProject
Project("{FAE04EC0-301F-11D3-BF4B-00C04F79EFBC}") = "SQ.Database", "SQ.Database\SQ.Database.csproj", "{65CB6966-371D-49D2-8D97-7BA6AE702118}"
	ProjectSection(ProjectDependencies) = postProject
		{5797C018-97D5-4F06-AE16-DD6A21AE0D31} = {5797C018-97D5-4F06-AE16-DD6A21AE0D31}
	EndProjectSection
EndProject
Project("{FAE04EC0-301F-11D3-BF4B-00C04F79EFBC}") = "SQ.Repositorio", "SQ.Repositorio\SQ.Repositorio.csproj", "{31945AE3-65CF-4D40-A3B5-F9D807AAF49E}"
	ProjectSection(ProjectDependencies) = postProject
		{5797C018-97D5-4F06-AE16-DD6A21AE0D31} = {5797C018-97D5-4F06-AE16-DD6A21AE0D31}
	EndProjectSection
EndProject
Project("{FAE04EC0-301F-11D3-BF4B-00C04F79EFBC}") = "SQ.Services", "SQ.Services\SQ.Services.csproj", "{41308F95-1773-4957-90FB-88208C7B51D0}"
	ProjectSection(ProjectDependencies) = postProject
		{5797C018-97D5-4F06-AE16-DD6A21AE0D31} = {5797C018-97D5-4F06-AE16-DD6A21AE0D31}
		{454C5633-3D14-4D16-A670-432F67D5CF9D} = {454C5633-3D14-4D16-A670-432F67D5CF9D}
		{65CB6966-371D-49D2-8D97-7BA6AE702118} = {65CB6966-371D-49D2-8D97-7BA6AE702118}
		{31945AE3-65CF-4D40-A3B5-F9D807AAF49E} = {31945AE3-65CF-4D40-A3B5-F9D807AAF49E}
	EndProjectSection
EndProject
Project("{FAE04EC0-301F-11D3-BF4B-00C04F79EFBC}") = "SQ.Core", "SQ.Core\SQ.Core.csproj", "{0E9A8E83-8A9A-45C2-9E1D-A73BB00BBB71}"
EndProject
Project("{FAE04EC0-301F-11D3-BF4B-00C04F79EFBC}") = "SQ.Web", "SQ.Web\SQ.Web.csproj", "{D21C443F-E753-4E3A-B0D9-5F28AE400427}"
	ProjectSection(ProjectDependencies) = postProject
		{5797C018-97D5-4F06-AE16-DD6A21AE0D31} = {5797C018-97D5-4F06-AE16-DD6A21AE0D31}
		{454C5633-3D14-4D16-A670-432F67D5CF9D} = {454C5633-3D14-4D16-A670-432F67D5CF9D}
		{65CB6966-371D-49D2-8D97-7BA6AE702118} = {65CB6966-371D-49D2-8D97-7BA6AE702118}
		{41308F95-1773-4957-90FB-88208C7B51D0} = {41308F95-1773-4957-90FB-88208C7B51D0}
		{31945AE3-65CF-4D40-A3B5-F9D807AAF49E} = {31945AE3-65CF-4D40-A3B5-F9D807AAF49E}
	EndProjectSection
EndProject
Project("{FAE04EC0-301F-11D3-BF4B-00C04F79EFBC}") = "SQ.Internacionalizacao", "SQ.Internacionalizacao\SQ.Internacionalizacao.csproj", "{454C5633-3D14-4D16-A670-432F67D5CF9D}"
EndProject
Global
	GlobalSection(SolutionConfigurationPlatforms) = preSolution
		Debug|Any CPU = Debug|Any CPU
		Release|Any CPU = Release|Any CPU
	EndGlobalSection
	GlobalSection(ProjectConfigurationPlatforms) = postSolution
		{5797C018-97D5-4F06-AE16-DD6A21AE0D31}.Debug|Any CPU.ActiveCfg = Debug|Any CPU
		{5797C018-97D5-4F06-AE16-DD6A21AE0D31}.Debug|Any CPU.Build.0 = Debug|Any CPU
		{5797C018-97D5-4F06-AE16-DD6A21AE0D31}.Release|Any CPU.ActiveCfg = Release|Any CPU
		{5797C018-97D5-4F06-AE16-DD6A21AE0D31}.Release|Any CPU.Build.0 = Release|Any CPU
		{65CB6966-371D-49D2-8D97-7BA6AE702118}.Debug|Any CPU.ActiveCfg = Debug|Any CPU
		{65CB6966-371D-49D2-8D97-7BA6AE702118}.Debug|Any CPU.Build.0 = Debug|Any CPU
		{65CB6966-371D-49D2-8D97-7BA6AE702118}.Release|Any CPU.ActiveCfg = Release|Any CPU
		{65CB6966-371D-49D2-8D97-7BA6AE702118}.Release|Any CPU.Build.0 = Release|Any CPU
		{31945AE3-65CF-4D40-A3B5-F9D807AAF49E}.Debug|Any CPU.ActiveCfg = Debug|Any CPU
		{31945AE3-65CF-4D40-A3B5-F9D807AAF49E}.Debug|Any CPU.Build.0 = Debug|Any CPU
		{31945AE3-65CF-4D40-A3B5-F9D807AAF49E}.Release|Any CPU.ActiveCfg = Release|Any CPU
		{31945AE3-65CF-4D40-A3B5-F9D807AAF49E}.Release|Any CPU.Build.0 = Release|Any CPU
		{41308F95-1773-4957-90FB-88208C7B51D0}.Debug|Any CPU.ActiveCfg = Debug|Any CPU
		{41308F95-1773-4957-90FB-88208C7B51D0}.Debug|Any CPU.Build.0 = Debug|Any CPU
		{41308F95-1773-4957-90FB-88208C7B51D0}.Release|Any CPU.ActiveCfg = Release|Any CPU
		{41308F95-1773-4957-90FB-88208C7B51D0}.Release|Any CPU.Build.0 = Release|Any CPU
		{0E9A8E83-8A9A-45C2-9E1D-A73BB00BBB71}.Debug|Any CPU.ActiveCfg = Debug|Any CPU
		{0E9A8E83-8A9A-45C2-9E1D-A73BB00BBB71}.Debug|Any CPU.Build.0 = Debug|Any CPU
		{0E9A8E83-8A9A-45C2-9E1D-A73BB00BBB71}.Release|Any CPU.ActiveCfg = Release|Any CPU
		{0E9A8E83-8A9A-45C2-9E1D-A73BB00BBB71}.Release|Any CPU.Build.0 = Release|Any CPU
		{D21C443F-E753-4E3A-B0D9-5F28AE400427}.Debug|Any CPU.ActiveCfg = Debug|Any CPU
		{D21C443F-E753-4E3A-B0D9-5F28AE400427}.Debug|Any CPU.Build.0 = Debug|Any CPU
		{D21C443F-E753-4E3A-B0D9-5F28AE400427}.Release|Any CPU.ActiveCfg = Release|Any CPU
		{D21C443F-E753-4E3A-B0D9-5F28AE400427}.Release|Any CPU.Build.0 = Release|Any CPU
		{454C5633-3D14-4D16-A670-432F67D5CF9D}.Debug|Any CPU.ActiveCfg = Debug|Any CPU
		{454C5633-3D14-4D16-A670-432F67D5CF9D}.Debug|Any CPU.Build.0 = Debug|Any CPU
		{454C5633-3D14-4D16-A670-432F67D5CF9D}.Release|Any CPU.ActiveCfg = Release|Any CPU
		{454C5633-3D14-4D16-A670-432F67D5CF9D}.Release|Any CPU.Build.0 = Release|Any CPU
	EndGlobalSection
	GlobalSection(SolutionProperties) = preSolution
		HideSolutionNode = FALSE
	EndGlobalSection
	GlobalSection(NestedProjects) = preSolution
		{D21C443F-E753-4E3A-B0D9-5F28AE400427} = {82D79847-BB07-4318-B50B-20C13F1A9558}
		{5797C018-97D5-4F06-AE16-DD6A21AE0D31} = {CDDA2E19-6386-4EA1-BD9A-B377AF42E830}
		{454C5633-3D14-4D16-A670-432F67D5CF9D} = {CDDA2E19-6386-4EA1-BD9A-B377AF42E830}
		{C40E35A6-0484-4BA9-A537-47A418A2D1F2} = {8C23C722-4414-498F-A703-928A88465F24}
		{215C619F-8EE9-4DB4-BC31-46BC3C989A61} = {8C23C722-4414-498F-A703-928A88465F24}
		{41308F95-1773-4957-90FB-88208C7B51D0} = {A75B7FC2-7175-4F70-B94D-A00C62CBE4BD}
		{65CB6966-371D-49D2-8D97-7BA6AE702118} = {C40E35A6-0484-4BA9-A537-47A418A2D1F2}
		{31945AE3-65CF-4D40-A3B5-F9D807AAF49E} = {C40E35A6-0484-4BA9-A537-47A418A2D1F2}
		{0E9A8E83-8A9A-45C2-9E1D-A73BB00BBB71} = {215C619F-8EE9-4DB4-BC31-46BC3C989A61}
	EndGlobalSection
EndGlobal
